
Microsoft Visual Studio Solution File, Format Version 12.00
# Visual Studio 15
VisualStudioVersion = 15.0.26730.12
MinimumVisualStudioVersion = 10.0.40219.1
Project("{FAE04EC0-301F-11D3-BF4B-00C04F79EFBC}") = "CurrencyWebApi", "CurrencyWebApi\CurrencyWebApi.csproj", "{719047C9-19FC-449A-B409-0510F699D442}"
EndProject
Project("{FAE04EC0-301F-11D3-BF4B-00C04F79EFBC}") = "CurrencyWebApi.Tests", "CurrencyWebApi.Tests\CurrencyWebApi.Tests.csproj", "{02B4CFA7-5434-4B1C-8598-4F3F76783956}"
EndProject
Project("{9A19103F-16F7-4668-BE54-9A1E7A4F7556}") = "Abstracts", "Abstracts\Abstracts.csproj", "{010071CB-FFC1-4749-8A2E-A87C0BAB3D69}"
EndProject
Project("{00D1A9C2-B5F0-4AF3-8072-F6C62B433612}") = "CurrencyDatabase", "CurrencyDatabase\CurrencyDatabase.sqlproj", "{27B936C6-5DCF-49AD-AF98-E773FD70F284}"
EndProject
Project("{FAE04EC0-301F-11D3-BF4B-00C04F79EFBC}") = "Models", "Models\Models.csproj", "{D8B20E01-C68C-47D6-8B2F-193FD77E20C5}"
EndProject
Project("{FAE04EC0-301F-11D3-BF4B-00C04F79EFBC}") = "DataStructs", "DataStructs\DataStructs.csproj", "{5900A0EE-1A96-4FEE-BF4B-97C51EAEB239}"
EndProject
Project("{FAE04EC0-301F-11D3-BF4B-00C04F79EFBC}") = "MyfinParserImplement", "MyfinParserImplement\MyfinParserImplement.csproj", "{6CDE3173-6737-47F3-B4D9-E407AB5D322B}"
EndProject
Project("{FAE04EC0-301F-11D3-BF4B-00C04F79EFBC}") = "Implements", "Implements\Implements.csproj", "{1DFC1B43-3ED9-487F-A90E-7226F7F25FB3}"
EndProject
Project("{2150E333-8FDC-42A3-9474-1A3956D46DE8}") = "Parsers", "Parsers", "{86FC6805-98BB-497D-92D2-7468081AC277}"
EndProject
Global
	GlobalSection(SolutionConfigurationPlatforms) = preSolution
		Debug|Any CPU = Debug|Any CPU
		Release|Any CPU = Release|Any CPU
	EndGlobalSection
	GlobalSection(ProjectConfigurationPlatforms) = postSolution
		{719047C9-19FC-449A-B409-0510F699D442}.Debug|Any CPU.ActiveCfg = Debug|Any CPU
		{719047C9-19FC-449A-B409-0510F699D442}.Debug|Any CPU.Build.0 = Debug|Any CPU
		{719047C9-19FC-449A-B409-0510F699D442}.Release|Any CPU.ActiveCfg = Release|Any CPU
		{719047C9-19FC-449A-B409-0510F699D442}.Release|Any CPU.Build.0 = Release|Any CPU
		{02B4CFA7-5434-4B1C-8598-4F3F76783956}.Debug|Any CPU.ActiveCfg = Debug|Any CPU
		{02B4CFA7-5434-4B1C-8598-4F3F76783956}.Debug|Any CPU.Build.0 = Debug|Any CPU
		{02B4CFA7-5434-4B1C-8598-4F3F76783956}.Release|Any CPU.ActiveCfg = Release|Any CPU
		{02B4CFA7-5434-4B1C-8598-4F3F76783956}.Release|Any CPU.Build.0 = Release|Any CPU
		{010071CB-FFC1-4749-8A2E-A87C0BAB3D69}.Debug|Any CPU.ActiveCfg = Debug|Any CPU
		{010071CB-FFC1-4749-8A2E-A87C0BAB3D69}.Debug|Any CPU.Build.0 = Debug|Any CPU
		{010071CB-FFC1-4749-8A2E-A87C0BAB3D69}.Release|Any CPU.ActiveCfg = Release|Any CPU
		{010071CB-FFC1-4749-8A2E-A87C0BAB3D69}.Release|Any CPU.Build.0 = Release|Any CPU
		{27B936C6-5DCF-49AD-AF98-E773FD70F284}.Debug|Any CPU.ActiveCfg = Debug|Any CPU
		{27B936C6-5DCF-49AD-AF98-E773FD70F284}.Debug|Any CPU.Build.0 = Debug|Any CPU
		{27B936C6-5DCF-49AD-AF98-E773FD70F284}.Debug|Any CPU.Deploy.0 = Debug|Any CPU
		{27B936C6-5DCF-49AD-AF98-E773FD70F284}.Release|Any CPU.ActiveCfg = Release|Any CPU
		{27B936C6-5DCF-49AD-AF98-E773FD70F284}.Release|Any CPU.Build.0 = Release|Any CPU
		{27B936C6-5DCF-49AD-AF98-E773FD70F284}.Release|Any CPU.Deploy.0 = Release|Any CPU
		{D8B20E01-C68C-47D6-8B2F-193FD77E20C5}.Debug|Any CPU.ActiveCfg = Debug|Any CPU
		{D8B20E01-C68C-47D6-8B2F-193FD77E20C5}.Debug|Any CPU.Build.0 = Debug|Any CPU
		{D8B20E01-C68C-47D6-8B2F-193FD77E20C5}.Release|Any CPU.ActiveCfg = Release|Any CPU
		{D8B20E01-C68C-47D6-8B2F-193FD77E20C5}.Release|Any CPU.Build.0 = Release|Any CPU
		{5900A0EE-1A96-4FEE-BF4B-97C51EAEB239}.Debug|Any CPU.ActiveCfg = Debug|Any CPU
		{5900A0EE-1A96-4FEE-BF4B-97C51EAEB239}.Debug|Any CPU.Build.0 = Debug|Any CPU
		{5900A0EE-1A96-4FEE-BF4B-97C51EAEB239}.Release|Any CPU.ActiveCfg = Release|Any CPU
		{5900A0EE-1A96-4FEE-BF4B-97C51EAEB239}.Release|Any CPU.Build.0 = Release|Any CPU
		{6CDE3173-6737-47F3-B4D9-E407AB5D322B}.Debug|Any CPU.ActiveCfg = Debug|Any CPU
		{6CDE3173-6737-47F3-B4D9-E407AB5D322B}.Debug|Any CPU.Build.0 = Debug|Any CPU
		{6CDE3173-6737-47F3-B4D9-E407AB5D322B}.Release|Any CPU.ActiveCfg = Release|Any CPU
		{6CDE3173-6737-47F3-B4D9-E407AB5D322B}.Release|Any CPU.Build.0 = Release|Any CPU
		{1DFC1B43-3ED9-487F-A90E-7226F7F25FB3}.Debug|Any CPU.ActiveCfg = Debug|Any CPU
		{1DFC1B43-3ED9-487F-A90E-7226F7F25FB3}.Debug|Any CPU.Build.0 = Debug|Any CPU
		{1DFC1B43-3ED9-487F-A90E-7226F7F25FB3}.Release|Any CPU.ActiveCfg = Release|Any CPU
		{1DFC1B43-3ED9-487F-A90E-7226F7F25FB3}.Release|Any CPU.Build.0 = Release|Any CPU
	EndGlobalSection
	GlobalSection(SolutionProperties) = preSolution
		HideSolutionNode = FALSE
	EndGlobalSection
	GlobalSection(NestedProjects) = preSolution
		{6CDE3173-6737-47F3-B4D9-E407AB5D322B} = {86FC6805-98BB-497D-92D2-7468081AC277}
	EndGlobalSection
	GlobalSection(ExtensibilityGlobals) = postSolution
		SolutionGuid = {A3CD15EA-AE71-477C-966E-E8327CE94D5B}
	EndGlobalSection
EndGlobal
